
Microsoft Visual Studio Solution File, Format Version 12.00
# Visual Studio Version 17
VisualStudioVersion = 17.10.35013.160
MinimumVisualStudioVersion = 10.0.40219.1
Project("{FAE04EC0-301F-11D3-BF4B-00C04F79EFBC}") = "13_C#HW", "13_C#HW.csproj", "{18C44FDA-BA38-469B-BC7C-B57C3F270F2A}"
EndProject
Global
	GlobalSection(SolutionConfigurationPlatforms) = preSolution
		Debug|Any CPU = Debug|Any CPU
		Release|Any CPU = Release|Any CPU
	EndGlobalSection
	GlobalSection(ProjectConfigurationPlatforms) = postSolution
		{18C44FDA-BA38-469B-BC7C-B57C3F270F2A}.Debug|Any CPU.ActiveCfg = Debug|Any CPU
		{18C44FDA-BA38-469B-BC7C-B57C3F270F2A}.Debug|Any CPU.Build.0 = Debug|Any CPU
		{18C44FDA-BA38-469B-BC7C-B57C3F270F2A}.Release|Any CPU.ActiveCfg = Release|Any CPU
		{18C44FDA-BA38-469B-BC7C-B57C3F270F2A}.Release|Any CPU.Build.0 = Release|Any CPU
	EndGlobalSection
	GlobalSection(SolutionProperties) = preSolution
		HideSolutionNode = FALSE
	EndGlobalSection
	GlobalSection(ExtensibilityGlobals) = postSolution
		SolutionGuid = {B05CDD2D-CE5C-4C30-9223-5C7D68B4033A}
	EndGlobalSection
EndGlobal
