
Microsoft Visual Studio Solution File, Format Version 12.00
# Visual Studio Version 17
VisualStudioVersion = 17.10.35013.160
MinimumVisualStudioVersion = 10.0.40219.1
Project("{FAE04EC0-301F-11D3-BF4B-00C04F79EFBC}") = "10C#HW", "10C#HW.csproj", "{F20CBB02-CDCF-4A7A-9935-59F540AFA4E5}"
EndProject
Global
	GlobalSection(SolutionConfigurationPlatforms) = preSolution
		Debug|Any CPU = Debug|Any CPU
		Release|Any CPU = Release|Any CPU
	EndGlobalSection
	GlobalSection(ProjectConfigurationPlatforms) = postSolution
		{F20CBB02-CDCF-4A7A-9935-59F540AFA4E5}.Debug|Any CPU.ActiveCfg = Debug|Any CPU
		{F20CBB02-CDCF-4A7A-9935-59F540AFA4E5}.Debug|Any CPU.Build.0 = Debug|Any CPU
		{F20CBB02-CDCF-4A7A-9935-59F540AFA4E5}.Release|Any CPU.ActiveCfg = Release|Any CPU
		{F20CBB02-CDCF-4A7A-9935-59F540AFA4E5}.Release|Any CPU.Build.0 = Release|Any CPU
	EndGlobalSection
	GlobalSection(SolutionProperties) = preSolution
		HideSolutionNode = FALSE
	EndGlobalSection
	GlobalSection(ExtensibilityGlobals) = postSolution
		SolutionGuid = {66A66E0C-6EF7-4D44-AAA0-BD07C3364331}
	EndGlobalSection
EndGlobal
