
Microsoft Visual Studio Solution File, Format Version 12.00
# Visual Studio Version 17
VisualStudioVersion = 17.10.35013.160
MinimumVisualStudioVersion = 10.0.40219.1
Project("{FAE04EC0-301F-11D3-BF4B-00C04F79EFBC}") = "17_C#HW", "17_C#HW.csproj", "{D76D1A38-86E3-4B94-B052-EBEC4403DFF0}"
EndProject
Global
	GlobalSection(SolutionConfigurationPlatforms) = preSolution
		Debug|Any CPU = Debug|Any CPU
		Release|Any CPU = Release|Any CPU
	EndGlobalSection
	GlobalSection(ProjectConfigurationPlatforms) = postSolution
		{D76D1A38-86E3-4B94-B052-EBEC4403DFF0}.Debug|Any CPU.ActiveCfg = Debug|Any CPU
		{D76D1A38-86E3-4B94-B052-EBEC4403DFF0}.Debug|Any CPU.Build.0 = Debug|Any CPU
		{D76D1A38-86E3-4B94-B052-EBEC4403DFF0}.Release|Any CPU.ActiveCfg = Release|Any CPU
		{D76D1A38-86E3-4B94-B052-EBEC4403DFF0}.Release|Any CPU.Build.0 = Release|Any CPU
	EndGlobalSection
	GlobalSection(SolutionProperties) = preSolution
		HideSolutionNode = FALSE
	EndGlobalSection
	GlobalSection(ExtensibilityGlobals) = postSolution
		SolutionGuid = {50E678BB-828C-4161-BF21-DED3F3E7B675}
	EndGlobalSection
EndGlobal
