
Microsoft Visual Studio Solution File, Format Version 12.00
# Visual Studio Version 17
VisualStudioVersion = 17.10.35013.160
MinimumVisualStudioVersion = 10.0.40219.1
Project("{FAE04EC0-301F-11D3-BF4B-00C04F79EFBC}") = "16_C#HW", "16_C#HW.csproj", "{1E32A528-B9FF-4A14-A095-1CE242B27868}"
EndProject
Global
	GlobalSection(SolutionConfigurationPlatforms) = preSolution
		Debug|Any CPU = Debug|Any CPU
		Release|Any CPU = Release|Any CPU
	EndGlobalSection
	GlobalSection(ProjectConfigurationPlatforms) = postSolution
		{1E32A528-B9FF-4A14-A095-1CE242B27868}.Debug|Any CPU.ActiveCfg = Debug|Any CPU
		{1E32A528-B9FF-4A14-A095-1CE242B27868}.Debug|Any CPU.Build.0 = Debug|Any CPU
		{1E32A528-B9FF-4A14-A095-1CE242B27868}.Release|Any CPU.ActiveCfg = Release|Any CPU
		{1E32A528-B9FF-4A14-A095-1CE242B27868}.Release|Any CPU.Build.0 = Release|Any CPU
	EndGlobalSection
	GlobalSection(SolutionProperties) = preSolution
		HideSolutionNode = FALSE
	EndGlobalSection
	GlobalSection(ExtensibilityGlobals) = postSolution
		SolutionGuid = {498B8095-E8A4-45F0-8CDC-7842F3A59EC2}
	EndGlobalSection
EndGlobal
