
Microsoft Visual Studio Solution File, Format Version 12.00
# Visual Studio Version 17
VisualStudioVersion = 17.10.35013.160
MinimumVisualStudioVersion = 10.0.40219.1
Project("{FAE04EC0-301F-11D3-BF4B-00C04F79EFBC}") = "15_C#HW", "15_C#HW.csproj", "{72039E9A-A87E-4977-9B48-731C153B83CE}"
EndProject
Global
	GlobalSection(SolutionConfigurationPlatforms) = preSolution
		Debug|Any CPU = Debug|Any CPU
		Release|Any CPU = Release|Any CPU
	EndGlobalSection
	GlobalSection(ProjectConfigurationPlatforms) = postSolution
		{72039E9A-A87E-4977-9B48-731C153B83CE}.Debug|Any CPU.ActiveCfg = Debug|Any CPU
		{72039E9A-A87E-4977-9B48-731C153B83CE}.Debug|Any CPU.Build.0 = Debug|Any CPU
		{72039E9A-A87E-4977-9B48-731C153B83CE}.Release|Any CPU.ActiveCfg = Release|Any CPU
		{72039E9A-A87E-4977-9B48-731C153B83CE}.Release|Any CPU.Build.0 = Release|Any CPU
	EndGlobalSection
	GlobalSection(SolutionProperties) = preSolution
		HideSolutionNode = FALSE
	EndGlobalSection
	GlobalSection(ExtensibilityGlobals) = postSolution
		SolutionGuid = {A5C02DE5-9385-4B7E-9DA4-AAC136A16920}
	EndGlobalSection
EndGlobal
